
Microsoft Visual Studio Solution File, Format Version 12.00
# Visual Studio Version 17
VisualStudioVersion = 17.0.32112.339
MinimumVisualStudioVersion = 10.0.40219.1
Project("{F184B08F-C81C-45F6-A57F-5ABD9991F28F}") = "Dart1", "Dart1\Dart1.vbproj", "{D17BA323-34AC-43D6-A8C2-3FA025DCC617}"
EndProject
Project("{2150E333-8FDC-42A3-9474-1A3956D46DE8}") = "resimler", "resimler", "{AADA6C20-C5C4-423B-A295-B6D7F7293701}"
	ProjectSection(SolutionItems) = preProject
		..\..\..\..\Desktop\Dart1Dosyalar\anakart1.jpg = ..\..\..\..\Desktop\Dart1Dosyalar\anakart1.jpg
		..\..\..\..\Desktop\Dart1Dosyalar\ekrankartı1.jpg = ..\..\..\..\Desktop\Dart1Dosyalar\ekrankartı1.jpg
		..\..\..\..\Desktop\Dart1Dosyalar\güçkaynağı.jpg = ..\..\..\..\Desktop\Dart1Dosyalar\güçkaynağı.jpg
		..\..\..\..\Desktop\Dart1Dosyalar\hdd1.jpg = ..\..\..\..\Desktop\Dart1Dosyalar\hdd1.jpg
		..\..\..\..\Desktop\Dart1Dosyalar\hdd2.jpg = ..\..\..\..\Desktop\Dart1Dosyalar\hdd2.jpg
		..\..\..\..\Desktop\Dart1Dosyalar\kasa2.jpg = ..\..\..\..\Desktop\Dart1Dosyalar\kasa2.jpg
		..\..\..\..\Desktop\Dart1Dosyalar\Ram1.jpg = ..\..\..\..\Desktop\Dart1Dosyalar\Ram1.jpg
		..\..\..\..\Desktop\Dart1Dosyalar\ssd1.jpg = ..\..\..\..\Desktop\Dart1Dosyalar\ssd1.jpg
		..\..\..\..\Desktop\Dart1Dosyalar\İşlemciler.jpg = ..\..\..\..\Desktop\Dart1Dosyalar\İşlemciler.jpg
	EndProjectSection
EndProject
Global
	GlobalSection(SolutionConfigurationPlatforms) = preSolution
		Debug|Any CPU = Debug|Any CPU
		Release|Any CPU = Release|Any CPU
	EndGlobalSection
	GlobalSection(ProjectConfigurationPlatforms) = postSolution
		{D17BA323-34AC-43D6-A8C2-3FA025DCC617}.Debug|Any CPU.ActiveCfg = Debug|Any CPU
		{D17BA323-34AC-43D6-A8C2-3FA025DCC617}.Debug|Any CPU.Build.0 = Debug|Any CPU
		{D17BA323-34AC-43D6-A8C2-3FA025DCC617}.Release|Any CPU.ActiveCfg = Release|Any CPU
		{D17BA323-34AC-43D6-A8C2-3FA025DCC617}.Release|Any CPU.Build.0 = Release|Any CPU
	EndGlobalSection
	GlobalSection(SolutionProperties) = preSolution
		HideSolutionNode = FALSE
	EndGlobalSection
	GlobalSection(ExtensibilityGlobals) = postSolution
		SolutionGuid = {7387A8FD-559E-48F7-A768-C47132E1BD5D}
	EndGlobalSection
EndGlobal
